// !$*UTF8*$!
{
	archiveVersion = 1;
	classes = {
	};
	objectVersion = 55;
	objects = {

/* Begin PBXBuildFile section */
		B4811A02280006B800A5FB79 /* KeyboardView.swift in Sources */ = {isa = PBXBuildFile; fileRef = B4811A01280006B800A5FB79 /* KeyboardView.swift */; };
		B4811A05280006DE00A5FB79 /* KeyboardView.xib in Resources */ = {isa = PBXBuildFile; fileRef = B4811A04280006DE00A5FB79 /* KeyboardView.xib */; };
		B4811A0828001FC400A5FB79 /* KeyboardViewDelegate.swift in Sources */ = {isa = PBXBuildFile; fileRef = B4811A0728001FC400A5FB79 /* KeyboardViewDelegate.swift */; };
		B4811A0A2800237A00A5FB79 /* LoansViewController.swift in Sources */ = {isa = PBXBuildFile; fileRef = B4811A092800237A00A5FB79 /* LoansViewController.swift */; };
		B4811A0D2800507500A5FB79 /* LoanModel.swift in Sources */ = {isa = PBXBuildFile; fileRef = B4811A0C2800507500A5FB79 /* LoanModel.swift */; };
		B4811A10280051BF00A5FB79 /* DataLocalStore.swift in Sources */ = {isa = PBXBuildFile; fileRef = B4811A0F280051BF00A5FB79 /* DataLocalStore.swift */; };
		B4B9269C28015D1600C83859 /* CompoundInterestViewController.swift in Sources */ = {isa = PBXBuildFile; fileRef = B4B9269B28015D1600C83859 /* CompoundInterestViewController.swift */; };
		B4B9269E28015D8100C83859 /* SavingsViewController.swift in Sources */ = {isa = PBXBuildFile; fileRef = B4B9269D28015D8100C83859 /* SavingsViewController.swift */; };
		B4B926A02801685F00C83859 /* SimpleSaveModel.swift in Sources */ = {isa = PBXBuildFile; fileRef = B4B9269F2801685F00C83859 /* SimpleSaveModel.swift */; };
		B4B926A22801B03400C83859 /* UITextField+Validation.swift in Sources */ = {isa = PBXBuildFile; fileRef = B4B926A12801B03300C83859 /* UITextField+Validation.swift */; };
		B4BEC21627FC1DD9004B9837 /* AppDelegate.swift in Sources */ = {isa = PBXBuildFile; fileRef = B4BEC21527FC1DD9004B9837 /* AppDelegate.swift */; };
		B4BEC21827FC1DD9004B9837 /* SceneDelegate.swift in Sources */ = {isa = PBXBuildFile; fileRef = B4BEC21727FC1DD9004B9837 /* SceneDelegate.swift */; };
		B4BEC21A27FC1DD9004B9837 /* MainViewController.swift in Sources */ = {isa = PBXBuildFile; fileRef = B4BEC21927FC1DD9004B9837 /* MainViewController.swift */; };
		B4BEC21D27FC1DD9004B9837 /* Main.storyboard in Resources */ = {isa = PBXBuildFile; fileRef = B4BEC21B27FC1DD9004B9837 /* Main.storyboard */; };
		B4BEC21F27FC1DE1004B9837 /* Assets.xcassets in Resources */ = {isa = PBXBuildFile; fileRef = B4BEC21E27FC1DE1004B9837 /* Assets.xcassets */; };
		B4BEC22D27FC4E19004B9837 /* CardCellView.swift in Sources */ = {isa = PBXBuildFile; fileRef = B4BEC22C27FC4E19004B9837 /* CardCellView.swift */; };
		B4BEC23027FC599A004B9837 /* UIColor+HexColor.swift in Sources */ = {isa = PBXBuildFile; fileRef = B4BEC22F27FC599A004B9837 /* UIColor+HexColor.swift */; };
		B4F8FBCC2802BF7600CFB5A4 /* CompoundSaveModel.swift in Sources */ = {isa = PBXBuildFile; fileRef = B4F8FBCB2802BF7600CFB5A4 /* CompoundSaveModel.swift */; };
/* End PBXBuildFile section */

/* Begin PBXFileReference section */
		B4811A01280006B800A5FB79 /* KeyboardView.swift */ = {isa = PBXFileReference; lastKnownFileType = sourcecode.swift; path = KeyboardView.swift; sourceTree = "<group>"; };
		B4811A04280006DE00A5FB79 /* KeyboardView.xib */ = {isa = PBXFileReference; lastKnownFileType = file.xib; path = KeyboardView.xib; sourceTree = "<group>"; };
		B4811A0728001FC400A5FB79 /* KeyboardViewDelegate.swift */ = {isa = PBXFileReference; lastKnownFileType = sourcecode.swift; path = KeyboardViewDelegate.swift; sourceTree = "<group>"; };
		B4811A092800237A00A5FB79 /* LoansViewController.swift */ = {isa = PBXFileReference; lastKnownFileType = sourcecode.swift; path = LoansViewController.swift; sourceTree = "<group>"; };
		B4811A0C2800507500A5FB79 /* LoanModel.swift */ = {isa = PBXFileReference; lastKnownFileType = sourcecode.swift; path = LoanModel.swift; sourceTree = "<group>"; };
		B4811A0F280051BF00A5FB79 /* DataLocalStore.swift */ = {isa = PBXFileReference; lastKnownFileType = sourcecode.swift; path = DataLocalStore.swift; sourceTree = "<group>"; };
		B4B9269B28015D1600C83859 /* CompoundInterestViewController.swift */ = {isa = PBXFileReference; lastKnownFileType = sourcecode.swift; path = CompoundInterestViewController.swift; sourceTree = "<group>"; };
		B4B9269D28015D8100C83859 /* SavingsViewController.swift */ = {isa = PBXFileReference; lastKnownFileType = sourcecode.swift; path = SavingsViewController.swift; sourceTree = "<group>"; };
		B4B9269F2801685F00C83859 /* SimpleSaveModel.swift */ = {isa = PBXFileReference; lastKnownFileType = sourcecode.swift; path = SimpleSaveModel.swift; sourceTree = "<group>"; };
		B4B926A12801B03300C83859 /* UITextField+Validation.swift */ = {isa = PBXFileReference; lastKnownFileType = sourcecode.swift; path = "UITextField+Validation.swift"; sourceTree = "<group>"; };
		B4BEC21227FC1DD9004B9837 /* Financial Calculator.app */ = {isa = PBXFileReference; explicitFileType = wrapper.application; includeInIndex = 0; path = "Financial Calculator.app"; sourceTree = BUILT_PRODUCTS_DIR; };
		B4BEC21527FC1DD9004B9837 /* AppDelegate.swift */ = {isa = PBXFileReference; lastKnownFileType = sourcecode.swift; path = AppDelegate.swift; sourceTree = "<group>"; };
		B4BEC21727FC1DD9004B9837 /* SceneDelegate.swift */ = {isa = PBXFileReference; lastKnownFileType = sourcecode.swift; path = SceneDelegate.swift; sourceTree = "<group>"; };
		B4BEC21927FC1DD9004B9837 /* MainViewController.swift */ = {isa = PBXFileReference; lastKnownFileType = sourcecode.swift; path = MainViewController.swift; sourceTree = "<group>"; };
		B4BEC21C27FC1DD9004B9837 /* Base */ = {isa = PBXFileReference; lastKnownFileType = file.storyboard; name = Base; path = Base.lproj/Main.storyboard; sourceTree = "<group>"; };
		B4BEC21E27FC1DE1004B9837 /* Assets.xcassets */ = {isa = PBXFileReference; lastKnownFileType = folder.assetcatalog; path = Assets.xcassets; sourceTree = "<group>"; };
		B4BEC22327FC1DE1004B9837 /* Info.plist */ = {isa = PBXFileReference; lastKnownFileType = text.plist.xml; path = Info.plist; sourceTree = "<group>"; };
		B4BEC22C27FC4E19004B9837 /* CardCellView.swift */ = {isa = PBXFileReference; lastKnownFileType = sourcecode.swift; path = CardCellView.swift; sourceTree = "<group>"; };
		B4BEC22F27FC599A004B9837 /* UIColor+HexColor.swift */ = {isa = PBXFileReference; lastKnownFileType = sourcecode.swift; path = "UIColor+HexColor.swift"; sourceTree = "<group>"; };
		B4F8FBCB2802BF7600CFB5A4 /* CompoundSaveModel.swift */ = {isa = PBXFileReference; lastKnownFileType = sourcecode.swift; path = CompoundSaveModel.swift; sourceTree = "<group>"; };
/* End PBXFileReference section */

/* Begin PBXFrameworksBuildPhase section */
		B4BEC20F27FC1DD9004B9837 /* Frameworks */ = {
			isa = PBXFrameworksBuildPhase;
			buildActionMask = 2147483647;
			files = (
			);
			runOnlyForDeploymentPostprocessing = 0;
		};
/* End PBXFrameworksBuildPhase section */

/* Begin PBXGroup section */
		B48119FF2800012300A5FB79 /* Views */ = {
			isa = PBXGroup;
			children = (
				B4811A03280006BD00A5FB79 /* KeyboardView */,
				B4BEC22C27FC4E19004B9837 /* CardCellView.swift */,
				B4BEC21B27FC1DD9004B9837 /* Main.storyboard */,
			);
			path = Views;
			sourceTree = "<group>";
		};
		B4811A03280006BD00A5FB79 /* KeyboardView */ = {
			isa = PBXGroup;
			children = (
				B4811A01280006B800A5FB79 /* KeyboardView.swift */,
				B4811A04280006DE00A5FB79 /* KeyboardView.xib */,
			);
			path = KeyboardView;
			sourceTree = "<group>";
		};
		B4811A0628001FA000A5FB79 /* Protocols */ = {
			isa = PBXGroup;
			children = (
				B4811A0728001FC400A5FB79 /* KeyboardViewDelegate.swift */,
			);
			path = Protocols;
			sourceTree = "<group>";
		};
		B4811A0B2800505900A5FB79 /* Models */ = {
			isa = PBXGroup;
			children = (
				B4811A0C2800507500A5FB79 /* LoanModel.swift */,
				B4B9269F2801685F00C83859 /* SimpleSaveModel.swift */,
				B4F8FBCB2802BF7600CFB5A4 /* CompoundSaveModel.swift */,
			);
			path = Models;
			sourceTree = "<group>";
		};
		B4811A0E2800519800A5FB79 /* Helpers */ = {
			isa = PBXGroup;
			children = (
				B4811A0F280051BF00A5FB79 /* DataLocalStore.swift */,
			);
			path = Helpers;
			sourceTree = "<group>";
		};
		B4BEC20927FC1DD8004B9837 = {
			isa = PBXGroup;
			children = (
				B4BEC21427FC1DD9004B9837 /* Financial Calculator */,
				B4BEC21327FC1DD9004B9837 /* Products */,
			);
			sourceTree = "<group>";
		};
		B4BEC21327FC1DD9004B9837 /* Products */ = {
			isa = PBXGroup;
			children = (
				B4BEC21227FC1DD9004B9837 /* Financial Calculator.app */,
			);
			name = Products;
			sourceTree = "<group>";
		};
		B4BEC21427FC1DD9004B9837 /* Financial Calculator */ = {
			isa = PBXGroup;
			children = (
				B4811A0E2800519800A5FB79 /* Helpers */,
				B4811A0B2800505900A5FB79 /* Models */,
				B4811A0628001FA000A5FB79 /* Protocols */,
				B48119FF2800012300A5FB79 /* Views */,
				B4BEC22E27FC597F004B9837 /* Extensions */,
				B4BEC22A27FC480E004B9837 /* Controllers */,
				B4BEC22927FC47E8004B9837 /* Startup */,
				B4BEC21E27FC1DE1004B9837 /* Assets.xcassets */,
				B4BEC22327FC1DE1004B9837 /* Info.plist */,
			);
			path = "Financial Calculator";
			sourceTree = "<group>";
		};
		B4BEC22927FC47E8004B9837 /* Startup */ = {
			isa = PBXGroup;
			children = (
				B4BEC21527FC1DD9004B9837 /* AppDelegate.swift */,
				B4BEC21727FC1DD9004B9837 /* SceneDelegate.swift */,
			);
			path = Startup;
			sourceTree = "<group>";
		};
		B4BEC22A27FC480E004B9837 /* Controllers */ = {
			isa = PBXGroup;
			children = (
				B4BEC21927FC1DD9004B9837 /* MainViewController.swift */,
				B4811A092800237A00A5FB79 /* LoansViewController.swift */,
				B4B9269B28015D1600C83859 /* CompoundInterestViewController.swift */,
				B4B9269D28015D8100C83859 /* SavingsViewController.swift */,
			);
			path = Controllers;
			sourceTree = "<group>";
		};
		B4BEC22E27FC597F004B9837 /* Extensions */ = {
			isa = PBXGroup;
			children = (
				B4BEC22F27FC599A004B9837 /* UIColor+HexColor.swift */,
				B4B926A12801B03300C83859 /* UITextField+Validation.swift */,
			);
			path = Extensions;
			sourceTree = "<group>";
		};
/* End PBXGroup section */

/* Begin PBXNativeTarget section */
		B4BEC21127FC1DD9004B9837 /* Financial Calculator */ = {
			isa = PBXNativeTarget;
			buildConfigurationList = B4BEC22627FC1DE1004B9837 /* Build configuration list for PBXNativeTarget "Financial Calculator" */;
			buildPhases = (
				B4BEC20E27FC1DD9004B9837 /* Sources */,
				B4BEC20F27FC1DD9004B9837 /* Frameworks */,
				B4BEC21027FC1DD9004B9837 /* Resources */,
			);
			buildRules = (
			);
			dependencies = (
			);
			name = "Financial Calculator";
			productName = "Financial Calculator";
			productReference = B4BEC21227FC1DD9004B9837 /* Financial Calculator.app */;
			productType = "com.apple.product-type.application";
		};
/* End PBXNativeTarget section */

/* Begin PBXProject section */
		B4BEC20A27FC1DD8004B9837 /* Project object */ = {
			isa = PBXProject;
			attributes = {
				BuildIndependentTargetsInParallel = 1;
				LastSwiftUpdateCheck = 1330;
				LastUpgradeCheck = 1330;
				TargetAttributes = {
					B4BEC21127FC1DD9004B9837 = {
						CreatedOnToolsVersion = 13.3;
					};
				};
			};
			buildConfigurationList = B4BEC20D27FC1DD8004B9837 /* Build configuration list for PBXProject "Financial Calculator" */;
			compatibilityVersion = "Xcode 13.0";
			developmentRegion = en;
			hasScannedForEncodings = 0;
			knownRegions = (
				en,
				Base,
			);
			mainGroup = B4BEC20927FC1DD8004B9837;
			productRefGroup = B4BEC21327FC1DD9004B9837 /* Products */;
			projectDirPath = "";
			projectRoot = "";
			targets = (
				B4BEC21127FC1DD9004B9837 /* Financial Calculator */,
			);
		};
/* End PBXProject section */

/* Begin PBXResourcesBuildPhase section */
		B4BEC21027FC1DD9004B9837 /* Resources */ = {
			isa = PBXResourcesBuildPhase;
			buildActionMask = 2147483647;
			files = (
				B4811A05280006DE00A5FB79 /* KeyboardView.xib in Resources */,
				B4BEC21F27FC1DE1004B9837 /* Assets.xcassets in Resources */,
				B4BEC21D27FC1DD9004B9837 /* Main.storyboard in Resources */,
			);
			runOnlyForDeploymentPostprocessing = 0;
		};
/* End PBXResourcesBuildPhase section */

/* Begin PBXSourcesBuildPhase section */
		B4BEC20E27FC1DD9004B9837 /* Sources */ = {
			isa = PBXSourcesBuildPhase;
			buildActionMask = 2147483647;
			files = (
				B4811A0A2800237A00A5FB79 /* LoansViewController.swift in Sources */,
				B4F8FBCC2802BF7600CFB5A4 /* CompoundSaveModel.swift in Sources */,
				B4BEC21A27FC1DD9004B9837 /* MainViewController.swift in Sources */,
				B4B9269E28015D8100C83859 /* SavingsViewController.swift in Sources */,
				B4BEC21627FC1DD9004B9837 /* AppDelegate.swift in Sources */,
				B4B926A02801685F00C83859 /* SimpleSaveModel.swift in Sources */,
				B4BEC23027FC599A004B9837 /* UIColor+HexColor.swift in Sources */,
				B4811A02280006B800A5FB79 /* KeyboardView.swift in Sources */,
				B4811A0828001FC400A5FB79 /* KeyboardViewDelegate.swift in Sources */,
				B4811A0D2800507500A5FB79 /* LoanModel.swift in Sources */,
				B4BEC22D27FC4E19004B9837 /* CardCellView.swift in Sources */,
				B4B926A22801B03400C83859 /* UITextField+Validation.swift in Sources */,
				B4BEC21827FC1DD9004B9837 /* SceneDelegate.swift in Sources */,
				B4B9269C28015D1600C83859 /* CompoundInterestViewController.swift in Sources */,
				B4811A10280051BF00A5FB79 /* DataLocalStore.swift in Sources */,
			);
			runOnlyForDeploymentPostprocessing = 0;
		};
/* End PBXSourcesBuildPhase section */

/* Begin PBXVariantGroup section */
		B4BEC21B27FC1DD9004B9837 /* Main.storyboard */ = {
			isa = PBXVariantGroup;
			children = (
				B4BEC21C27FC1DD9004B9837 /* Base */,
			);
			name = Main.storyboard;
			sourceTree = "<group>";
		};
/* End PBXVariantGroup section */

/* Begin XCBuildConfiguration section */
		B4BEC22427FC1DE1004B9837 /* Debug */ = {
			isa = XCBuildConfiguration;
			buildSettings = {
				ALWAYS_SEARCH_USER_PATHS = NO;
				CLANG_ANALYZER_NONNULL = YES;
				CLANG_ANALYZER_NUMBER_OBJECT_CONVERSION = YES_AGGRESSIVE;
				CLANG_CXX_LANGUAGE_STANDARD = "gnu++17";
				CLANG_ENABLE_MODULES = YES;
				CLANG_ENABLE_OBJC_ARC = YES;
				CLANG_ENABLE_OBJC_WEAK = YES;
				CLANG_WARN_BLOCK_CAPTURE_AUTORELEASING = YES;
				CLANG_WARN_BOOL_CONVERSION = YES;
				CLANG_WARN_COMMA = YES;
				CLANG_WARN_CONSTANT_CONVERSION = YES;
				CLANG_WARN_DEPRECATED_OBJC_IMPLEMENTATIONS = YES;
				CLANG_WARN_DIRECT_OBJC_ISA_USAGE = YES_ERROR;
				CLANG_WARN_DOCUMENTATION_COMMENTS = YES;
				CLANG_WARN_EMPTY_BODY = YES;
				CLANG_WARN_ENUM_CONVERSION = YES;
				CLANG_WARN_INFINITE_RECURSION = YES;
				CLANG_WARN_INT_CONVERSION = YES;
				CLANG_WARN_NON_LITERAL_NULL_CONVERSION = YES;
				CLANG_WARN_OBJC_IMPLICIT_RETAIN_SELF = YES;
				CLANG_WARN_OBJC_LITERAL_CONVERSION = YES;
				CLANG_WARN_OBJC_ROOT_CLASS = YES_ERROR;
				CLANG_WARN_QUOTED_INCLUDE_IN_FRAMEWORK_HEADER = YES;
				CLANG_WARN_RANGE_LOOP_ANALYSIS = YES;
				CLANG_WARN_STRICT_PROTOTYPES = YES;
				CLANG_WARN_SUSPICIOUS_MOVE = YES;
				CLANG_WARN_UNGUARDED_AVAILABILITY = YES_AGGRESSIVE;
				CLANG_WARN_UNREACHABLE_CODE = YES;
				CLANG_WARN__DUPLICATE_METHOD_MATCH = YES;
				COPY_PHASE_STRIP = NO;
				DEBUG_INFORMATION_FORMAT = dwarf;
				ENABLE_STRICT_OBJC_MSGSEND = YES;
				ENABLE_TESTABILITY = YES;
				GCC_C_LANGUAGE_STANDARD = gnu11;
				GCC_DYNAMIC_NO_PIC = NO;
				GCC_NO_COMMON_BLOCKS = YES;
				GCC_OPTIMIZATION_LEVEL = 0;
				GCC_PREPROCESSOR_DEFINITIONS = (
					"DEBUG=1",
					"$(inherited)",
				);
				GCC_WARN_64_TO_32_BIT_CONVERSION = YES;
				GCC_WARN_ABOUT_RETURN_TYPE = YES_ERROR;
				GCC_WARN_UNDECLARED_SELECTOR = YES;
				GCC_WARN_UNINITIALIZED_AUTOS = YES_AGGRESSIVE;
				GCC_WARN_UNUSED_FUNCTION = YES;
				GCC_WARN_UNUSED_VARIABLE = YES;
				IPHONEOS_DEPLOYMENT_TARGET = 12.0;
				MTL_ENABLE_DEBUG_INFO = INCLUDE_SOURCE;
				MTL_FAST_MATH = YES;
				ONLY_ACTIVE_ARCH = YES;
				SDKROOT = iphoneos;
				SWIFT_ACTIVE_COMPILATION_CONDITIONS = DEBUG;
				SWIFT_OPTIMIZATION_LEVEL = "-Onone";
			};
			name = Debug;
		};
		B4BEC22527FC1DE1004B9837 /* Release */ = {
			isa = XCBuildConfiguration;
			buildSettings = {
				ALWAYS_SEARCH_USER_PATHS = NO;
				CLANG_ANALYZER_NONNULL = YES;
				CLANG_ANALYZER_NUMBER_OBJECT_CONVERSION = YES_AGGRESSIVE;
				CLANG_CXX_LANGUAGE_STANDARD = "gnu++17";
				CLANG_ENABLE_MODULES = YES;
				CLANG_ENABLE_OBJC_ARC = YES;
				CLANG_ENABLE_OBJC_WEAK = YES;
				CLANG_WARN_BLOCK_CAPTURE_AUTORELEASING = YES;
				CLANG_WARN_BOOL_CONVERSION = YES;
				CLANG_WARN_COMMA = YES;
				CLANG_WARN_CONSTANT_CONVERSION = YES;
				CLANG_WARN_DEPRECATED_OBJC_IMPLEMENTATIONS = YES;
				CLANG_WARN_DIRECT_OBJC_ISA_USAGE = YES_ERROR;
				CLANG_WARN_DOCUMENTATION_COMMENTS = YES;
				CLANG_WARN_EMPTY_BODY = YES;
				CLANG_WARN_ENUM_CONVERSION = YES;
				CLANG_WARN_INFINITE_RECURSION = YES;
				CLANG_WARN_INT_CONVERSION = YES;
				CLANG_WARN_NON_LITERAL_NULL_CONVERSION = YES;
				CLANG_WARN_OBJC_IMPLICIT_RETAIN_SELF = YES;
				CLANG_WARN_OBJC_LITERAL_CONVERSION = YES;
				CLANG_WARN_OBJC_ROOT_CLASS = YES_ERROR;
				CLANG_WARN_QUOTED_INCLUDE_IN_FRAMEWORK_HEADER = YES;
				CLANG_WARN_RANGE_LOOP_ANALYSIS = YES;
				CLANG_WARN_STRICT_PROTOTYPES = YES;
				CLANG_WARN_SUSPICIOUS_MOVE = YES;
				CLANG_WARN_UNGUARDED_AVAILABILITY = YES_AGGRESSIVE;
				CLANG_WARN_UNREACHABLE_CODE = YES;
				CLANG_WARN__DUPLICATE_METHOD_MATCH = YES;
				COPY_PHASE_STRIP = NO;
				DEBUG_INFORMATION_FORMAT = "dwarf-with-dsym";
				ENABLE_NS_ASSERTIONS = NO;
				ENABLE_STRICT_OBJC_MSGSEND = YES;
				GCC_C_LANGUAGE_STANDARD = gnu11;
				GCC_NO_COMMON_BLOCKS = YES;
				GCC_WARN_64_TO_32_BIT_CONVERSION = YES;
				GCC_WARN_ABOUT_RETURN_TYPE = YES_ERROR;
				GCC_WARN_UNDECLARED_SELECTOR = YES;
				GCC_WARN_UNINITIALIZED_AUTOS = YES_AGGRESSIVE;
				GCC_WARN_UNUSED_FUNCTION = YES;
				GCC_WARN_UNUSED_VARIABLE = YES;
				IPHONEOS_DEPLOYMENT_TARGET = 12.0;
				MTL_ENABLE_DEBUG_INFO = NO;
				MTL_FAST_MATH = YES;
				SDKROOT = iphoneos;
				SWIFT_COMPILATION_MODE = wholemodule;
				SWIFT_OPTIMIZATION_LEVEL = "-O";
				VALIDATE_PRODUCT = YES;
			};
			name = Release;
		};
		B4BEC22727FC1DE1004B9837 /* Debug */ = {
			isa = XCBuildConfiguration;
			buildSettings = {
				ASSETCATALOG_COMPILER_APPICON_NAME = AppIcon;
				ASSETCATALOG_COMPILER_GLOBAL_ACCENT_COLOR_NAME = AccentColor;
				CODE_SIGN_STYLE = Automatic;
				CURRENT_PROJECT_VERSION = 1;
				DEVELOPMENT_TEAM = 32X3U36SB6;
				GENERATE_INFOPLIST_FILE = YES;
				INFOPLIST_FILE = "Financial Calculator/Info.plist";
				INFOPLIST_KEY_CFBundleDisplayName = "Financial Calculator";
				INFOPLIST_KEY_UIApplicationSupportsIndirectInputEvents = YES;
				INFOPLIST_KEY_UILaunchStoryboardName = Main;
				INFOPLIST_KEY_UIMainStoryboardFile = Main;
				INFOPLIST_KEY_UISupportedInterfaceOrientations = UIInterfaceOrientationPortrait;
				INFOPLIST_KEY_UISupportedInterfaceOrientations_iPad = "UIInterfaceOrientationPortrait UIInterfaceOrientationPortraitUpsideDown UIInterfaceOrientationLandscapeLeft UIInterfaceOrientationLandscapeRight";
				INFOPLIST_KEY_UISupportedInterfaceOrientations_iPhone = "UIInterfaceOrientationPortrait UIInterfaceOrientationLandscapeLeft UIInterfaceOrientationLandscapeRight";
				IPHONEOS_DEPLOYMENT_TARGET = 12.0;
				LD_RUNPATH_SEARCH_PATHS = (
					"$(inherited)",
					"@executable_path/Frameworks",
				);
				MARKETING_VERSION = 1.0;
				PRODUCT_BUNDLE_IDENTIFIER = me.haniman.financialcalculator;
				PRODUCT_NAME = "$(TARGET_NAME)";
				SWIFT_EMIT_LOC_STRINGS = YES;
				SWIFT_VERSION = 5.0;
				TARGETED_DEVICE_FAMILY = 1;
			};
			name = Debug;
		};
		B4BEC22827FC1DE1004B9837 /* Release */ = {
			isa = XCBuildConfiguration;
			buildSettings = {
				ASSETCATALOG_COMPILER_APPICON_NAME = AppIcon;
				ASSETCATALOG_COMPILER_GLOBAL_ACCENT_COLOR_NAME = AccentColor;
				CODE_SIGN_STYLE = Automatic;
				CURRENT_PROJECT_VERSION = 1;
				DEVELOPMENT_TEAM = 32X3U36SB6;
				GENERATE_INFOPLIST_FILE = YES;
				INFOPLIST_FILE = "Financial Calculator/Info.plist";
				INFOPLIST_KEY_CFBundleDisplayName = "Financial Calculator";
				INFOPLIST_KEY_UIApplicationSupportsIndirectInputEvents = YES;
				INFOPLIST_KEY_UILaunchStoryboardName = Main;
				INFOPLIST_KEY_UIMainStoryboardFile = Main;
				INFOPLIST_KEY_UISupportedInterfaceOrientations = UIInterfaceOrientationPortrait;
				INFOPLIST_KEY_UISupportedInterfaceOrientations_iPad = "UIInterfaceOrientationPortrait UIInterfaceOrientationPortraitUpsideDown UIInterfaceOrientationLandscapeLeft UIInterfaceOrientationLandscapeRight";
				INFOPLIST_KEY_UISupportedInterfaceOrientations_iPhone = "UIInterfaceOrientationPortrait UIInterfaceOrientationLandscapeLeft UIInterfaceOrientationLandscapeRight";
				IPHONEOS_DEPLOYMENT_TARGET = 12.0;
				LD_RUNPATH_SEARCH_PATHS = (
					"$(inherited)",
					"@executable_path/Frameworks",
				);
				MARKETING_VERSION = 1.0;
				PRODUCT_BUNDLE_IDENTIFIER = me.haniman.financialcalculator;
				PRODUCT_NAME = "$(TARGET_NAME)";
				SWIFT_EMIT_LOC_STRINGS = YES;
				SWIFT_VERSION = 5.0;
				TARGETED_DEVICE_FAMILY = 1;
			};
			name = Release;
		};
/* End XCBuildConfiguration section */

/* Begin XCConfigurationList section */
		B4BEC20D27FC1DD8004B9837 /* Build configuration list for PBXProject "Financial Calculator" */ = {
			isa = XCConfigurationList;
			buildConfigurations = (
				B4BEC22427FC1DE1004B9837 /* Debug */,
				B4BEC22527FC1DE1004B9837 /* Release */,
			);
			defaultConfigurationIsVisible = 0;
			defaultConfigurationName = Release;
		};
		B4BEC22627FC1DE1004B9837 /* Build configuration list for PBXNativeTarget "Financial Calculator" */ = {
			isa = XCConfigurationList;
			buildConfigurations = (
				B4BEC22727FC1DE1004B9837 /* Debug */,
				B4BEC22827FC1DE1004B9837 /* Release */,
			);
			defaultConfigurationIsVisible = 0;
			defaultConfigurationName = Release;
		};
/* End XCConfigurationList section */
	};
	rootObject = B4BEC20A27FC1DD8004B9837 /* Project object */;
}
